
Microsoft Visual Studio Solution File, Format Version 12.00
# Visual Studio 2013
VisualStudioVersion = 12.0.40629.0
MinimumVisualStudioVersion = 10.0.40219.1
Project("{8BC9CEB8-8B4A-11D0-8D11-00A0C91BC942}") = "RenderTester", "RenderTester-VS2013.vcxproj", "{2C80873B-04DA-4438-A5D5-3BEB835A6F58}"
	ProjectSection(ProjectDependencies) = postProject
		{A50EB603-555A-4508-8073-DC5826EB6A1A} = {A50EB603-555A-4508-8073-DC5826EB6A1A}
		{451E4BD1-461C-4A30-8DAF-9F7EC05498D2} = {451E4BD1-461C-4A30-8DAF-9F7EC05498D2}
	EndProjectSection
EndProject
Project("{8BC9CEB8-8B4A-11D0-8D11-00A0C91BC942}") = "RenderVfw", "RenderVfw\RenderVfw-VS2013.vcxproj", "{451E4BD1-461C-4A30-8DAF-9F7EC05498D2}"
EndProject
Project("{8BC9CEB8-8B4A-11D0-8D11-00A0C91BC942}") = "RenderDX9", "RenderDX9\RenderDX9-2013.vcxproj", "{049806DE-9954-4D31-A5C7-B47E59502AAA}"
EndProject
Project("{8BC9CEB8-8B4A-11D0-8D11-00A0C91BC942}") = "RenderOpenGL", "RenderOpenGL\RenderOpenGL-VS2013.vcxproj", "{EAA60E39-5D83-44F0-B150-9790A839A2E8}"
EndProject
Project("{8BC9CEB8-8B4A-11D0-8D11-00A0C91BC942}") = "RenderSDL", "RenderSDL\RenderSDL.vcxproj", "{A50EB603-555A-4508-8073-DC5826EB6A1A}"
EndProject
Global
	GlobalSection(SolutionConfigurationPlatforms) = preSolution
		Debug|Win32 = Debug|Win32
		Release|Win32 = Release|Win32
	EndGlobalSection
	GlobalSection(ProjectConfigurationPlatforms) = postSolution
		{2C80873B-04DA-4438-A5D5-3BEB835A6F58}.Debug|Win32.ActiveCfg = Debug|Win32
		{2C80873B-04DA-4438-A5D5-3BEB835A6F58}.Debug|Win32.Build.0 = Debug|Win32
		{2C80873B-04DA-4438-A5D5-3BEB835A6F58}.Release|Win32.ActiveCfg = Release|Win32
		{2C80873B-04DA-4438-A5D5-3BEB835A6F58}.Release|Win32.Build.0 = Release|Win32
		{451E4BD1-461C-4A30-8DAF-9F7EC05498D2}.Debug|Win32.ActiveCfg = Debug|Win32
		{451E4BD1-461C-4A30-8DAF-9F7EC05498D2}.Debug|Win32.Build.0 = Debug|Win32
		{451E4BD1-461C-4A30-8DAF-9F7EC05498D2}.Release|Win32.ActiveCfg = Release|Win32
		{451E4BD1-461C-4A30-8DAF-9F7EC05498D2}.Release|Win32.Build.0 = Release|Win32
		{049806DE-9954-4D31-A5C7-B47E59502AAA}.Debug|Win32.ActiveCfg = Debug|Win32
		{049806DE-9954-4D31-A5C7-B47E59502AAA}.Debug|Win32.Build.0 = Debug|Win32
		{049806DE-9954-4D31-A5C7-B47E59502AAA}.Release|Win32.ActiveCfg = Release|Win32
		{049806DE-9954-4D31-A5C7-B47E59502AAA}.Release|Win32.Build.0 = Release|Win32
		{EAA60E39-5D83-44F0-B150-9790A839A2E8}.Debug|Win32.ActiveCfg = Debug|Win32
		{EAA60E39-5D83-44F0-B150-9790A839A2E8}.Debug|Win32.Build.0 = Debug|Win32
		{EAA60E39-5D83-44F0-B150-9790A839A2E8}.Release|Win32.ActiveCfg = Release|Win32
		{EAA60E39-5D83-44F0-B150-9790A839A2E8}.Release|Win32.Build.0 = Release|Win32
		{A50EB603-555A-4508-8073-DC5826EB6A1A}.Debug|Win32.ActiveCfg = Debug|Win32
		{A50EB603-555A-4508-8073-DC5826EB6A1A}.Debug|Win32.Build.0 = Debug|Win32
		{A50EB603-555A-4508-8073-DC5826EB6A1A}.Release|Win32.ActiveCfg = Release|Win32
		{A50EB603-555A-4508-8073-DC5826EB6A1A}.Release|Win32.Build.0 = Release|Win32
	EndGlobalSection
	GlobalSection(SolutionProperties) = preSolution
		HideSolutionNode = FALSE
	EndGlobalSection
EndGlobal
